
Microsoft Visual Studio Solution File, Format Version 12.00
# Visual Studio Version 17
VisualStudioVersion = 17.6.33723.286
MinimumVisualStudioVersion = 10.0.40219.1
Project("{FAE04EC0-301F-11D3-BF4B-00C04F79EFBC}") = "MyFirstCSharp", "MyFirstCSharp.csproj", "{AD0A2CF0-8E4B-4E47-8FE4-CB1C83C21FF7}"
EndProject
Global
	GlobalSection(SolutionConfigurationPlatforms) = preSolution
		Debug|Any CPU = Debug|Any CPU
		Release|Any CPU = Release|Any CPU
	EndGlobalSection
	GlobalSection(ProjectConfigurationPlatforms) = postSolution
		{AD0A2CF0-8E4B-4E47-8FE4-CB1C83C21FF7}.Debug|Any CPU.ActiveCfg = Debug|Any CPU
		{AD0A2CF0-8E4B-4E47-8FE4-CB1C83C21FF7}.Debug|Any CPU.Build.0 = Debug|Any CPU
		{AD0A2CF0-8E4B-4E47-8FE4-CB1C83C21FF7}.Release|Any CPU.ActiveCfg = Release|Any CPU
		{AD0A2CF0-8E4B-4E47-8FE4-CB1C83C21FF7}.Release|Any CPU.Build.0 = Release|Any CPU
	EndGlobalSection
	GlobalSection(SolutionProperties) = preSolution
		HideSolutionNode = FALSE
	EndGlobalSection
	GlobalSection(ExtensibilityGlobals) = postSolution
		SolutionGuid = {41D2A3E5-64CA-47DA-861C-727350C17E7D}
	EndGlobalSection
EndGlobal
